
Microsoft Visual Studio Solution File, Format Version 12.00
# Visual Studio Version 17
VisualStudioVersion = 17.14.36310.24 d17.14
MinimumVisualStudioVersion = 10.0.40219.1
Project("{8BC9CEB8-8B4A-11D0-8D11-00A0C91BC942}") = "night", "night\night.vcxproj", "{349C0740-C179-4391-A900-068D56C13F5F}"
EndProject
Global
	GlobalSection(SolutionConfigurationPlatforms) = preSolution
		Debug|x64 = Debug|x64
		Debug|x86 = Debug|x86
		Release|x64 = Release|x64
		Release|x86 = Release|x86
	EndGlobalSection
	GlobalSection(ProjectConfigurationPlatforms) = postSolution
		{349C0740-C179-4391-A900-068D56C13F5F}.Debug|x64.ActiveCfg = Debug|x64
		{349C0740-C179-4391-A900-068D56C13F5F}.Debug|x64.Build.0 = Debug|x64
		{349C0740-C179-4391-A900-068D56C13F5F}.Debug|x86.ActiveCfg = Debug|Win32
		{349C0740-C179-4391-A900-068D56C13F5F}.Debug|x86.Build.0 = Debug|Win32
		{349C0740-C179-4391-A900-068D56C13F5F}.Release|x64.ActiveCfg = Release|x64
		{349C0740-C179-4391-A900-068D56C13F5F}.Release|x64.Build.0 = Release|x64
		{349C0740-C179-4391-A900-068D56C13F5F}.Release|x86.ActiveCfg = Release|Win32
		{349C0740-C179-4391-A900-068D56C13F5F}.Release|x86.Build.0 = Release|Win32
	EndGlobalSection
	GlobalSection(SolutionProperties) = preSolution
		HideSolutionNode = FALSE
	EndGlobalSection
	GlobalSection(ExtensibilityGlobals) = postSolution
		SolutionGuid = {0D68F396-3D30-4C16-8C0F-23B65D53A0DC}
	EndGlobalSection
EndGlobal
