<?xml version="1.0" encoding="utf-8"?>
<Project ToolsVersion="4.0" xmlns="http://schemas.microsoft.com/developer/msbuild/2003">
  <ItemGroup>
    <Filter Include="Source Files">
      <UniqueIdentifier>{4FC737F1-C7A5-4376-A066-2A32D752A2FF}</UniqueIdentifier>
      <Extensions>cpp;c;cc;cxx;c++;cppm;ixx;def;odl;idl;hpj;bat;asm;asmx</Extensions>
    </Filter>
    <Filter Include="Header Files">
      <UniqueIdentifier>{93995380-89BD-4b04-88EB-625FBE52EBFB}</UniqueIdentifier>
      <Extensions>h;hh;hpp;hxx;h++;hm;inl;inc;ipp;xsd</Extensions>
    </Filter>
    <Filter Include="Resource Files">
      <UniqueIdentifier>{67DA6AB6-F800-4c08-8B7A-83BB121AAD01}</UniqueIdentifier>
      <Extensions>rc;ico;cur;bmp;dlg;rc2;rct;bin;rgs;gif;jpg;jpeg;jpe;resx;tiff;tif;png;wav;mfcribbon-ms</Extensions>
    </Filter>
  </ItemGroup>
  <ItemGroup>
    <ClCompile Include="source\source.cpp">
      <Filter>Source Files</Filter>
    </ClCompile>
    <ClCompile Include="source\framework\features\entry\entry.cpp">
      <Filter>Source Files</Filter>
    </ClCompile>
    <ClCompile Include="source\framework\features\functions\aimbot\aimbot.cpp">
      <Filter>Source Files</Filter>
    </ClCompile>
    <ClCompile Include="source\framework\features\functions\visuals\visuals.cpp">
      <Filter>Source Files</Filter>
    </ClCompile>
    <ClCompile Include="source\utils\imgui\backends\imgui_impl_dx11.cpp">
      <Filter>Source Files</Filter>
    </ClCompile>
    <ClCompile Include="source\utils\imgui\backends\imgui_impl_win32.cpp">
      <Filter>Source Files</Filter>
    </ClCompile>
    <ClCompile Include="source\utils\imgui\imgui.cpp">
      <Filter>Source Files</Filter>
    </ClCompile>
    <ClCompile Include="source\utils\imgui\imgui_draw.cpp">
      <Filter>Source Files</Filter>
    </ClCompile>
    <ClCompile Include="source\utils\imgui\imgui_tables.cpp">
      <Filter>Source Files</Filter>
    </ClCompile>
    <ClCompile Include="source\utils\imgui\imgui_widgets.cpp">
      <Filter>Source Files</Filter>
    </ClCompile>
    <ClCompile Include="source\framework\overlay\libs\usynergy\uSynergy.c">
      <Filter>Source Files</Filter>
    </ClCompile>
    <ClCompile Include="source\framework\overlay\misc\widgets.cpp">
      <Filter>Source Files</Filter>
    </ClCompile>
    <ClCompile Include="source\framework\overlay\menu.cpp">
      <Filter>Source Files</Filter>
    </ClCompile>
    <ClCompile Include="source\framework\features\functions\exploits\exploits.cpp">
      <Filter>Source Files</Filter>
    </ClCompile>
    <ClCompile Include="source\framework\features\cache\cache.cpp">
      <Filter>Source Files</Filter>
    </ClCompile>
    <ClCompile Include="source\framework\features\cache\wallcheck\wallcheck.cpp">
      <Filter>Source Files</Filter>
    </ClCompile>
    <ClCompile Include="source\framework\features\functions\silent_aim\silent_aim.cpp">
      <Filter>Source Files</Filter>
    </ClCompile>
    <ClCompile Include="source\utils\clipper\clipper.engine.cpp">
      <Filter>Source Files</Filter>
    </ClCompile>
    <ClCompile Include="source\utils\clipper\clipper.offset.cpp">
      <Filter>Source Files</Filter>
    </ClCompile>
    <ClCompile Include="source\utils\clipper\clipper.rectclip.cpp">
      <Filter>Source Files</Filter>
    </ClCompile>
    <ClCompile Include="source\utils\imgui\misc\freetype\imgui_freetype.cpp">
      <Filter>Source Files</Filter>
    </ClCompile>
    <ClCompile Include="source\utils\auth\auth.cpp">
      <Filter>Source Files</Filter>
    </ClCompile>
    <ClCompile Include="source\framework\overlay\config\config.cpp">
      <Filter>Source Files</Filter>
    </ClCompile>
  </ItemGroup>
  <ItemGroup>
    <ClInclude Include="source\utils\console\console.hpp">
      <Filter>Header Files</Filter>
    </ClInclude>
    <ClInclude Include="source\utils\memory\memory.hpp">
      <Filter>Header Files</Filter>
    </ClInclude>
    <ClInclude Include="source\framework\globals\globals.hpp">
      <Filter>Header Files</Filter>
    </ClInclude>
    <ClInclude Include="source\framework\features\functions\visuals\visuals.hpp">
      <Filter>Header Files</Filter>
    </ClInclude>
    <ClInclude Include="source\framework\features\functions\aimbot\aimbot.hpp">
      <Filter>Header Files</Filter>
    </ClInclude>
    <ClInclude Include="source\framework\features\entry\entry.hpp">
      <Filter>Header Files</Filter>
    </ClInclude>
    <ClInclude Include="source\framework\features\cache\cache.hpp">
      <Filter>Header Files</Filter>
    </ClInclude>
    <ClInclude Include="source\framework\sdk\enums\e_camera_type.hpp">
      <Filter>Header Files</Filter>
    </ClInclude>
    <ClInclude Include="source\framework\sdk\math\cframe_t.hpp">
      <Filter>Header Files</Filter>
    </ClInclude>
    <ClInclude Include="source\framework\sdk\math\matrix_t.hpp">
      <Filter>Header Files</Filter>
    </ClInclude>
    <ClInclude Include="source\framework\sdk\math\matrix3_t.hpp">
      <Filter>Header Files</Filter>
    </ClInclude>
    <ClInclude Include="source\framework\sdk\math\matrix4_t.hpp">
      <Filter>Header Files</Filter>
    </ClInclude>
    <ClInclude Include="source\framework\sdk\math\vector2_t.hpp">
      <Filter>Header Files</Filter>
    </ClInclude>
    <ClInclude Include="source\framework\sdk\math\vector3_t.hpp">
      <Filter>Header Files</Filter>
    </ClInclude>
    <ClInclude Include="source\framework\sdk\math\vector4_t.hpp">
      <Filter>Header Files</Filter>
    </ClInclude>
    <ClInclude Include="source\framework\sdk\offsets\offsets.hpp">
      <Filter>Header Files</Filter>
    </ClInclude>
    <ClInclude Include="source\framework\sdk\includes.hpp">
      <Filter>Header Files</Filter>
    </ClInclude>
    <ClInclude Include="source\framework\sdk\classes\c_camera.hpp">
      <Filter>Header Files</Filter>
    </ClInclude>
    <ClInclude Include="source\framework\sdk\classes\c_instance.hpp">
      <Filter>Header Files</Filter>
    </ClInclude>
    <ClInclude Include="source\framework\sdk\classes\c_datamodel.hpp">
      <Filter>Header Files</Filter>
    </ClInclude>
    <ClInclude Include="source\framework\sdk\classes\c_workspace.hpp">
      <Filter>Header Files</Filter>
    </ClInclude>
    <ClInclude Include="source\framework\sdk\classes\c_primitives.hpp">
      <Filter>Header Files</Filter>
    </ClInclude>
    <ClInclude Include="source\framework\features\cache\runservice\runservice.hpp">
      <Filter>Header Files</Filter>
    </ClInclude>
    <ClInclude Include="source\utils\imgui\backends\imgui_impl_dx11.h">
      <Filter>Header Files</Filter>
    </ClInclude>
    <ClInclude Include="source\utils\imgui\backends\imgui_impl_win32.h">
      <Filter>Header Files</Filter>
    </ClInclude>
    <ClInclude Include="source\utils\imgui\imconfig.h">
      <Filter>Header Files</Filter>
    </ClInclude>
    <ClInclude Include="source\utils\imgui\imgui.h">
      <Filter>Header Files</Filter>
    </ClInclude>
    <ClInclude Include="source\utils\imgui\imgui_internal.h">
      <Filter>Header Files</Filter>
    </ClInclude>
    <ClInclude Include="source\utils\imgui\imstb_rectpack.h">
      <Filter>Header Files</Filter>
    </ClInclude>
    <ClInclude Include="source\utils\imgui\imstb_textedit.h">
      <Filter>Header Files</Filter>
    </ClInclude>
    <ClInclude Include="source\utils\imgui\imstb_truetype.h">
      <Filter>Header Files</Filter>
    </ClInclude>
    <ClInclude Include="source\framework\overlay\libs\emscripten\emscripten_mainloop_stub.h">
      <Filter>Header Files</Filter>
    </ClInclude>
    <ClInclude Include="source\framework\overlay\libs\glfw\include\GLFW\glfw3.h">
      <Filter>Header Files</Filter>
    </ClInclude>
    <ClInclude Include="source\framework\overlay\libs\glfw\include\GLFW\glfw3native.h">
      <Filter>Header Files</Filter>
    </ClInclude>
    <ClInclude Include="source\framework\overlay\libs\usynergy\uSynergy.h">
      <Filter>Header Files</Filter>
    </ClInclude>
    <ClInclude Include="source\framework\overlay\misc\style.h">
      <Filter>Header Files</Filter>
    </ClInclude>
    <ClInclude Include="source\framework\overlay\misc\widgets.h">
      <Filter>Header Files</Filter>
    </ClInclude>
    <ClInclude Include="source\framework\overlay\menu.hpp">
      <Filter>Header Files</Filter>
    </ClInclude>
    <ClInclude Include="source\framework\features\functions\exploits\exploits.hpp">
      <Filter>Header Files</Filter>
    </ClInclude>
    <ClInclude Include="source\framework\sdk\classes\c_player.hpp">
      <Filter>Header Files</Filter>
    </ClInclude>
    <ClInclude Include="source\framework\sdk\classes\c_humanoid.hpp">
      <Filter>Header Files</Filter>
    </ClInclude>
    <ClInclude Include="source\framework\sdk\classes\c_players.hpp">
      <Filter>Header Files</Filter>
    </ClInclude>
    <ClInclude Include="source\framework\sdk\classes\c_renderview.hpp">
      <Filter>Header Files</Filter>
    </ClInclude>
    <ClInclude Include="source\framework\sdk\classes\c_visual_engine.hpp">
      <Filter>Header Files</Filter>
    </ClInclude>
    <ClInclude Include="source\framework\features\cache\wallcheck\wallcheck.hpp">
      <Filter>Header Files</Filter>
    </ClInclude>
    <ClInclude Include="source\utils\data\hex\skeleton.hpp">
      <Filter>Header Files</Filter>
    </ClInclude>
    <ClInclude Include="source\framework\features\functions\silent_aim\silent_aim.hpp">
      <Filter>Header Files</Filter>
    </ClInclude>
    <ClInclude Include="source\framework\sdk\classes\c_mouse_service.hpp">
      <Filter>Header Files</Filter>
    </ClInclude>
    <ClInclude Include="source\framework\sdk\classes\c_gui_object.hpp">
      <Filter>Header Files</Filter>
    </ClInclude>
    <ClInclude Include="source\utils\clipper\clipper2\clipper.core.h">
      <Filter>Header Files</Filter>
    </ClInclude>
    <ClInclude Include="source\utils\clipper\clipper2\clipper.engine.h">
      <Filter>Header Files</Filter>
    </ClInclude>
    <ClInclude Include="source\utils\clipper\clipper2\clipper.export.h">
      <Filter>Header Files</Filter>
    </ClInclude>
    <ClInclude Include="source\utils\clipper\clipper2\clipper.h">
      <Filter>Header Files</Filter>
    </ClInclude>
    <ClInclude Include="source\utils\clipper\clipper2\clipper.minkowski.h">
      <Filter>Header Files</Filter>
    </ClInclude>
    <ClInclude Include="source\utils\clipper\clipper2\clipper.offset.h">
      <Filter>Header Files</Filter>
    </ClInclude>
    <ClInclude Include="source\utils\clipper\clipper2\clipper.rectclip.h">
      <Filter>Header Files</Filter>
    </ClInclude>
    <ClInclude Include="source\utils\clipper\clipper2\clipper.version.h">
      <Filter>Header Files</Filter>
    </ClInclude>
    <ClInclude Include="source\utils\clipper\clipper.core.h">
      <Filter>Header Files</Filter>
    </ClInclude>
    <ClInclude Include="source\utils\clipper\clipper.engine.h">
      <Filter>Header Files</Filter>
    </ClInclude>
    <ClInclude Include="source\utils\clipper\clipper.export.h">
      <Filter>Header Files</Filter>
    </ClInclude>
    <ClInclude Include="source\utils\clipper\clipper.h">
      <Filter>Header Files</Filter>
    </ClInclude>
    <ClInclude Include="source\utils\clipper\clipper.minkowski.h">
      <Filter>Header Files</Filter>
    </ClInclude>
    <ClInclude Include="source\utils\clipper\clipper.offset.h">
      <Filter>Header Files</Filter>
    </ClInclude>
    <ClInclude Include="source\utils\clipper\clipper.rectclip.h">
      <Filter>Header Files</Filter>
    </ClInclude>
    <ClInclude Include="source\utils\clipper\clipper.version.h">
      <Filter>Header Files</Filter>
    </ClInclude>
    <ClInclude Include="source\utils\imgui\misc\freetype\imgui_freetype.h">
      <Filter>Header Files</Filter>
    </ClInclude>
    <ClInclude Include="source\utils\json\json.hpp">
      <Filter>Header Files</Filter>
    </ClInclude>
    <ClInclude Include="source\framework\overlay\auth\auth.hpp">
      <Filter>Header Files</Filter>
    </ClInclude>
    <ClInclude Include="source\utils\auth\credentials\credentials_manager.hpp">
      <Filter>Header Files</Filter>
    </ClInclude>
    <ClInclude Include="source\utils\auth\security\continuous_validator.hpp">
      <Filter>Header Files</Filter>
    </ClInclude>
    <ClInclude Include="source\utils\auth\security\encryption.hpp">
      <Filter>Header Files</Filter>
    </ClInclude>
    <ClInclude Include="source\utils\auth\security\security.hpp">
      <Filter>Header Files</Filter>
    </ClInclude>
    <ClInclude Include="source\utils\auth\auth.hpp">
      <Filter>Header Files</Filter>
    </ClInclude>
    <ClInclude Include="source\framework\overlay\config\config.hpp">
      <Filter>Header Files</Filter>
    </ClInclude>
    <ClInclude Include="source\utils\data\hex\box.hpp">
      <Filter>Header Files</Filter>
    </ClInclude>
  </ItemGroup>
  <ItemGroup>
    <None Include="source\framework\overlay\libs\emscripten\shell_minimal.html" />
  </ItemGroup>
</Project>